
Microsoft Visual Studio Solution File, Format Version 12.00
# Visual Studio Version 17
VisualStudioVersion = 17.11.35327.3
MinimumVisualStudioVersion = 10.0.40219.1
Project("{FAE04EC0-301F-11D3-BF4B-00C04F79EFBC}") = "SSH.Web", "SSH.Web\SSH.Web.csproj", "{65B32214-AAAF-491D-B807-60E971225F09}"
EndProject
Global
	GlobalSection(SolutionConfigurationPlatforms) = preSolution
		Debug|Any CPU = Debug|Any CPU
		Release|Any CPU = Release|Any CPU
	EndGlobalSection
	GlobalSection(ProjectConfigurationPlatforms) = postSolution
		{65B32214-AAAF-491D-B807-60E971225F09}.Debug|Any CPU.ActiveCfg = Debug|Any CPU
		{65B32214-AAAF-491D-B807-60E971225F09}.Debug|Any CPU.Build.0 = Debug|Any CPU
		{65B32214-AAAF-491D-B807-60E971225F09}.Release|Any CPU.ActiveCfg = Release|Any CPU
		{65B32214-AAAF-491D-B807-60E971225F09}.Release|Any CPU.Build.0 = Release|Any CPU
	EndGlobalSection
	GlobalSection(SolutionProperties) = preSolution
		HideSolutionNode = FALSE
	EndGlobalSection
	GlobalSection(ExtensibilityGlobals) = postSolution
		SolutionGuid = {CF7B74CC-0D71-4A12-AA0A-18AD9F703474}
	EndGlobalSection
EndGlobal
